
Microsoft Visual Studio Solution File, Format Version 12.00
# Visual Studio Version 16
VisualStudioVersion = 16.0.31624.102
MinimumVisualStudioVersion = 10.0.40219.1
Project("{FAE04EC0-301F-11D3-BF4B-00C04F79EFBC}") = "WindowsFormsApp1", "WindowsFormsApp1\WindowsFormsApp1.csproj", "{7408C088-A894-43A7-A4BB-03DC77EC6220}"
EndProject
Global
	GlobalSection(SolutionConfigurationPlatforms) = preSolution
		Debug|Any CPU = Debug|Any CPU
		Release|Any CPU = Release|Any CPU
	EndGlobalSection
	GlobalSection(ProjectConfigurationPlatforms) = postSolution
		{7408C088-A894-43A7-A4BB-03DC77EC6220}.Debug|Any CPU.ActiveCfg = Debug|Any CPU
		{7408C088-A894-43A7-A4BB-03DC77EC6220}.Debug|Any CPU.Build.0 = Debug|Any CPU
		{7408C088-A894-43A7-A4BB-03DC77EC6220}.Release|Any CPU.ActiveCfg = Release|Any CPU
		{7408C088-A894-43A7-A4BB-03DC77EC6220}.Release|Any CPU.Build.0 = Release|Any CPU
	EndGlobalSection
	GlobalSection(SolutionProperties) = preSolution
		HideSolutionNode = FALSE
	EndGlobalSection
	GlobalSection(ExtensibilityGlobals) = postSolution
		SolutionGuid = {70234518-8C07-4FDE-A01C-68A32405B89A}
	EndGlobalSection
EndGlobal
